{
  "name": "tomologo",
  "version": "1.0.0",
  "lockfileVersion": 1,
  "requires": true,
  "dependencies": {
    "yakuhanjp": {
      "version": "3.4.1",
      "resolved": "https://registry.npmjs.org/yakuhanjp/-/yakuhanjp-3.4.1.tgz",
      "integrity": "sha512-k10oh2d6Xh/I3MCZLsvs0w2Vea2DdARip6AI3OPZPPfwPUM8HygxS/SjpEYd70d3ug/xOWTe1rhlT9xttFP9UA=="
    }
  }
}
